
Microsoft Visual Studio Solution File, Format Version 12.00
# Visual Studio Version 17
VisualStudioVersion = 17.7.34221.43
MinimumVisualStudioVersion = 10.0.40219.1
Project("{FAE04EC0-301F-11D3-BF4B-00C04F79EFBC}") = "Project1", "Project1\Project1.csproj", "{6E0CDA5C-0A0E-4687-88BD-ED749D401D65}"
EndProject
Global
	GlobalSection(SolutionConfigurationPlatforms) = preSolution
		Debug|Any CPU = Debug|Any CPU
		Release|Any CPU = Release|Any CPU
	EndGlobalSection
	GlobalSection(ProjectConfigurationPlatforms) = postSolution
		{6E0CDA5C-0A0E-4687-88BD-ED749D401D65}.Debug|Any CPU.ActiveCfg = Debug|Any CPU
		{6E0CDA5C-0A0E-4687-88BD-ED749D401D65}.Debug|Any CPU.Build.0 = Debug|Any CPU
		{6E0CDA5C-0A0E-4687-88BD-ED749D401D65}.Release|Any CPU.ActiveCfg = Release|Any CPU
		{6E0CDA5C-0A0E-4687-88BD-ED749D401D65}.Release|Any CPU.Build.0 = Release|Any CPU
	EndGlobalSection
	GlobalSection(SolutionProperties) = preSolution
		HideSolutionNode = FALSE
	EndGlobalSection
	GlobalSection(ExtensibilityGlobals) = postSolution
		SolutionGuid = {0527BF9C-DC74-42AE-A8E9-5DCB61A941F2}
	EndGlobalSection
EndGlobal
